
Microsoft Visual Studio Solution File, Format Version 10.00
# Visual Studio 2008
Project("{FAE04EC0-301F-11D3-BF4B-00C04F79EFBC}") = "Code2015", "Code2015\Code2015.csproj", "{9CCB378A-849F-4578-BAE9-DAA749B63FAD}"
EndProject
Project("{2150E333-8FDC-42A3-9474-1A3956D46DE8}") = "IdePlugin", "IdePlugin", "{04E023DD-FE31-440C-9996-31D5B34EC376}"
EndProject
Project("{FAE04EC0-301F-11D3-BF4B-00C04F79EFBC}") = "TestCode2015", "TestCode2015\TestCode2015.csproj", "{EFE708FD-885A-40CD-A2DA-1D2C8B8CB954}"
EndProject
Project("{FAE04EC0-301F-11D3-BF4B-00C04F79EFBC}") = "GameTest", "GameTest\GameTest.csproj", "{A083D3E8-BE22-4760-8403-0B27FF5195D8}"
EndProject
Project("{2150E333-8FDC-42A3-9474-1A3956D46DE8}") = "Test", "Test", "{220B1D3D-D8AA-4D74-9CF2-9DFAC253CBDF}"
EndProject
Project("{2150E333-8FDC-42A3-9474-1A3956D46DE8}") = "Tools", "Tools", "{1756553F-065A-406E-99C0-47D0FB8CB1E4}"
EndProject
Project("{FAE04EC0-301F-11D3-BF4B-00C04F79EFBC}") = "Plugin.Common", "IdePlugins\Plugin.Common\Plugin.Common.csproj", "{891CDC3E-018F-410E-8CFC-4D7B99DD0A3D}"
EndProject
Project("{FAE04EC0-301F-11D3-BF4B-00C04F79EFBC}") = "Apoc3D.Core", "Code2015\Engine\Apoc3D.Core\Apoc3D.Core.csproj", "{767AFD72-02F7-4543-B193-A2E19645A4B9}"
EndProject
Project("{FAE04EC0-301F-11D3-BF4B-00C04F79EFBC}") = "Apoc3D.Graphics", "Code2015\Engine\Apoc3D.Graphics\Apoc3D.Graphics.csproj", "{726180A4-EE3E-478D-A5F9-985F56393AA7}"
EndProject
Project("{2150E333-8FDC-42A3-9474-1A3956D46DE8}") = "Engine", "Engine", "{6CE97CA4-5EE5-4F24-8B92-8155245123BF}"
EndProject
Project("{FAE04EC0-301F-11D3-BF4B-00C04F79EFBC}") = "Apoc3D.Ide", "Code2015\Engine\Apoc3D.Ide\Apoc3D.Ide.csproj", "{AA72D449-B468-4698-A28D-926E2225FC5A}"
EndProject
Project("{FAE04EC0-301F-11D3-BF4B-00C04F79EFBC}") = "Apoc3D.Collision", "Code2015\Engine\Apoc3D.Collision\Apoc3D.Collision.csproj", "{ED6CFF26-7985-4156-8E04-30D01BA33655}"
EndProject
Global
	GlobalSection(SolutionConfigurationPlatforms) = preSolution
		Debug|Any CPU = Debug|Any CPU
		Debug|Mixed Platforms = Debug|Mixed Platforms
		Debug|x86 = Debug|x86
		Debug|Xbox 360 = Debug|Xbox 360
		Release|Any CPU = Release|Any CPU
		Release|Mixed Platforms = Release|Mixed Platforms
		Release|x86 = Release|x86
		Release|Xbox 360 = Release|Xbox 360
	EndGlobalSection
	GlobalSection(ProjectConfigurationPlatforms) = postSolution
		{9CCB378A-849F-4578-BAE9-DAA749B63FAD}.Debug|Any CPU.ActiveCfg = Debug|x86
		{9CCB378A-849F-4578-BAE9-DAA749B63FAD}.Debug|Mixed Platforms.ActiveCfg = Debug|x86
		{9CCB378A-849F-4578-BAE9-DAA749B63FAD}.Debug|Mixed Platforms.Build.0 = Debug|x86
		{9CCB378A-849F-4578-BAE9-DAA749B63FAD}.Debug|x86.ActiveCfg = Debug|x86
		{9CCB378A-849F-4578-BAE9-DAA749B63FAD}.Debug|x86.Build.0 = Debug|x86
		{9CCB378A-849F-4578-BAE9-DAA749B63FAD}.Debug|Xbox 360.ActiveCfg = Debug|x86
		{9CCB378A-849F-4578-BAE9-DAA749B63FAD}.Release|Any CPU.ActiveCfg = Release|x86
		{9CCB378A-849F-4578-BAE9-DAA749B63FAD}.Release|Mixed Platforms.ActiveCfg = Release|x86
		{9CCB378A-849F-4578-BAE9-DAA749B63FAD}.Release|Mixed Platforms.Build.0 = Release|x86
		{9CCB378A-849F-4578-BAE9-DAA749B63FAD}.Release|x86.ActiveCfg = Release|x86
		{9CCB378A-849F-4578-BAE9-DAA749B63FAD}.Release|x86.Build.0 = Release|x86
		{9CCB378A-849F-4578-BAE9-DAA749B63FAD}.Release|Xbox 360.ActiveCfg = Release|x86
		{EFE708FD-885A-40CD-A2DA-1D2C8B8CB954}.Debug|Any CPU.ActiveCfg = Debug|Any CPU
		{EFE708FD-885A-40CD-A2DA-1D2C8B8CB954}.Debug|Any CPU.Build.0 = Debug|Any CPU
		{EFE708FD-885A-40CD-A2DA-1D2C8B8CB954}.Debug|Mixed Platforms.ActiveCfg = Debug|Any CPU
		{EFE708FD-885A-40CD-A2DA-1D2C8B8CB954}.Debug|Mixed Platforms.Build.0 = Debug|Any CPU
		{EFE708FD-885A-40CD-A2DA-1D2C8B8CB954}.Debug|x86.ActiveCfg = Debug|Any CPU
		{EFE708FD-885A-40CD-A2DA-1D2C8B8CB954}.Debug|Xbox 360.ActiveCfg = Debug|Any CPU
		{EFE708FD-885A-40CD-A2DA-1D2C8B8CB954}.Release|Any CPU.ActiveCfg = Release|Any CPU
		{EFE708FD-885A-40CD-A2DA-1D2C8B8CB954}.Release|Any CPU.Build.0 = Release|Any CPU
		{EFE708FD-885A-40CD-A2DA-1D2C8B8CB954}.Release|Mixed Platforms.ActiveCfg = Release|Any CPU
		{EFE708FD-885A-40CD-A2DA-1D2C8B8CB954}.Release|Mixed Platforms.Build.0 = Release|Any CPU
		{EFE708FD-885A-40CD-A2DA-1D2C8B8CB954}.Release|x86.ActiveCfg = Release|Any CPU
		{EFE708FD-885A-40CD-A2DA-1D2C8B8CB954}.Release|Xbox 360.ActiveCfg = Release|Any CPU
		{A083D3E8-BE22-4760-8403-0B27FF5195D8}.Debug|Any CPU.ActiveCfg = Debug|Any CPU
		{A083D3E8-BE22-4760-8403-0B27FF5195D8}.Debug|Any CPU.Build.0 = Debug|Any CPU
		{A083D3E8-BE22-4760-8403-0B27FF5195D8}.Debug|Mixed Platforms.ActiveCfg = Debug|Any CPU
		{A083D3E8-BE22-4760-8403-0B27FF5195D8}.Debug|Mixed Platforms.Build.0 = Debug|Any CPU
		{A083D3E8-BE22-4760-8403-0B27FF5195D8}.Debug|x86.ActiveCfg = Debug|Any CPU
		{A083D3E8-BE22-4760-8403-0B27FF5195D8}.Debug|Xbox 360.ActiveCfg = Debug|Any CPU
		{A083D3E8-BE22-4760-8403-0B27FF5195D8}.Release|Any CPU.ActiveCfg = Release|Any CPU
		{A083D3E8-BE22-4760-8403-0B27FF5195D8}.Release|Any CPU.Build.0 = Release|Any CPU
		{A083D3E8-BE22-4760-8403-0B27FF5195D8}.Release|Mixed Platforms.ActiveCfg = Release|Any CPU
		{A083D3E8-BE22-4760-8403-0B27FF5195D8}.Release|Mixed Platforms.Build.0 = Release|Any CPU
		{A083D3E8-BE22-4760-8403-0B27FF5195D8}.Release|x86.ActiveCfg = Release|Any CPU
		{A083D3E8-BE22-4760-8403-0B27FF5195D8}.Release|Xbox 360.ActiveCfg = Release|Any CPU
		{891CDC3E-018F-410E-8CFC-4D7B99DD0A3D}.Debug|Any CPU.ActiveCfg = Debug|Any CPU
		{891CDC3E-018F-410E-8CFC-4D7B99DD0A3D}.Debug|Any CPU.Build.0 = Debug|Any CPU
		{891CDC3E-018F-410E-8CFC-4D7B99DD0A3D}.Debug|Mixed Platforms.ActiveCfg = Debug|Any CPU
		{891CDC3E-018F-410E-8CFC-4D7B99DD0A3D}.Debug|Mixed Platforms.Build.0 = Debug|Any CPU
		{891CDC3E-018F-410E-8CFC-4D7B99DD0A3D}.Debug|x86.ActiveCfg = Debug|Any CPU
		{891CDC3E-018F-410E-8CFC-4D7B99DD0A3D}.Debug|Xbox 360.ActiveCfg = Debug|Any CPU
		{891CDC3E-018F-410E-8CFC-4D7B99DD0A3D}.Release|Any CPU.ActiveCfg = Release|Any CPU
		{891CDC3E-018F-410E-8CFC-4D7B99DD0A3D}.Release|Any CPU.Build.0 = Release|Any CPU
		{891CDC3E-018F-410E-8CFC-4D7B99DD0A3D}.Release|Mixed Platforms.ActiveCfg = Release|Any CPU
		{891CDC3E-018F-410E-8CFC-4D7B99DD0A3D}.Release|Mixed Platforms.Build.0 = Release|Any CPU
		{891CDC3E-018F-410E-8CFC-4D7B99DD0A3D}.Release|x86.ActiveCfg = Release|Any CPU
		{891CDC3E-018F-410E-8CFC-4D7B99DD0A3D}.Release|Xbox 360.ActiveCfg = Release|Any CPU
		{767AFD72-02F7-4543-B193-A2E19645A4B9}.Debug|Any CPU.ActiveCfg = Debug|Any CPU
		{767AFD72-02F7-4543-B193-A2E19645A4B9}.Debug|Any CPU.Build.0 = Debug|Any CPU
		{767AFD72-02F7-4543-B193-A2E19645A4B9}.Debug|Mixed Platforms.ActiveCfg = Debug|Any CPU
		{767AFD72-02F7-4543-B193-A2E19645A4B9}.Debug|Mixed Platforms.Build.0 = Debug|Any CPU
		{767AFD72-02F7-4543-B193-A2E19645A4B9}.Debug|x86.ActiveCfg = Debug|Any CPU
		{767AFD72-02F7-4543-B193-A2E19645A4B9}.Debug|Xbox 360.ActiveCfg = Debug|Any CPU
		{767AFD72-02F7-4543-B193-A2E19645A4B9}.Release|Any CPU.ActiveCfg = Release|Any CPU
		{767AFD72-02F7-4543-B193-A2E19645A4B9}.Release|Any CPU.Build.0 = Release|Any CPU
		{767AFD72-02F7-4543-B193-A2E19645A4B9}.Release|Mixed Platforms.ActiveCfg = Release|Any CPU
		{767AFD72-02F7-4543-B193-A2E19645A4B9}.Release|Mixed Platforms.Build.0 = Release|Any CPU
		{767AFD72-02F7-4543-B193-A2E19645A4B9}.Release|x86.ActiveCfg = Release|Any CPU
		{767AFD72-02F7-4543-B193-A2E19645A4B9}.Release|Xbox 360.ActiveCfg = Release|Any CPU
		{726180A4-EE3E-478D-A5F9-985F56393AA7}.Debug|Any CPU.ActiveCfg = Debug|Any CPU
		{726180A4-EE3E-478D-A5F9-985F56393AA7}.Debug|Any CPU.Build.0 = Debug|Any CPU
		{726180A4-EE3E-478D-A5F9-985F56393AA7}.Debug|Mixed Platforms.ActiveCfg = Debug|Any CPU
		{726180A4-EE3E-478D-A5F9-985F56393AA7}.Debug|Mixed Platforms.Build.0 = Debug|Any CPU
		{726180A4-EE3E-478D-A5F9-985F56393AA7}.Debug|x86.ActiveCfg = Debug|Any CPU
		{726180A4-EE3E-478D-A5F9-985F56393AA7}.Debug|Xbox 360.ActiveCfg = Debug|Any CPU
		{726180A4-EE3E-478D-A5F9-985F56393AA7}.Release|Any CPU.ActiveCfg = Release|Any CPU
		{726180A4-EE3E-478D-A5F9-985F56393AA7}.Release|Any CPU.Build.0 = Release|Any CPU
		{726180A4-EE3E-478D-A5F9-985F56393AA7}.Release|Mixed Platforms.ActiveCfg = Release|Any CPU
		{726180A4-EE3E-478D-A5F9-985F56393AA7}.Release|Mixed Platforms.Build.0 = Release|Any CPU
		{726180A4-EE3E-478D-A5F9-985F56393AA7}.Release|x86.ActiveCfg = Release|Any CPU
		{726180A4-EE3E-478D-A5F9-985F56393AA7}.Release|Xbox 360.ActiveCfg = Release|Any CPU
		{AA72D449-B468-4698-A28D-926E2225FC5A}.Debug|Any CPU.ActiveCfg = Debug|Any CPU
		{AA72D449-B468-4698-A28D-926E2225FC5A}.Debug|Any CPU.Build.0 = Debug|Any CPU
		{AA72D449-B468-4698-A28D-926E2225FC5A}.Debug|Mixed Platforms.ActiveCfg = Debug|Any CPU
		{AA72D449-B468-4698-A28D-926E2225FC5A}.Debug|Mixed Platforms.Build.0 = Debug|Any CPU
		{AA72D449-B468-4698-A28D-926E2225FC5A}.Debug|x86.ActiveCfg = Debug|Any CPU
		{AA72D449-B468-4698-A28D-926E2225FC5A}.Debug|Xbox 360.ActiveCfg = Debug|Any CPU
		{AA72D449-B468-4698-A28D-926E2225FC5A}.Release|Any CPU.ActiveCfg = Release|Any CPU
		{AA72D449-B468-4698-A28D-926E2225FC5A}.Release|Any CPU.Build.0 = Release|Any CPU
		{AA72D449-B468-4698-A28D-926E2225FC5A}.Release|Mixed Platforms.ActiveCfg = Release|Any CPU
		{AA72D449-B468-4698-A28D-926E2225FC5A}.Release|Mixed Platforms.Build.0 = Release|Any CPU
		{AA72D449-B468-4698-A28D-926E2225FC5A}.Release|x86.ActiveCfg = Release|Any CPU
		{AA72D449-B468-4698-A28D-926E2225FC5A}.Release|Xbox 360.ActiveCfg = Release|Any CPU
		{ED6CFF26-7985-4156-8E04-30D01BA33655}.Debug|Any CPU.ActiveCfg = Debug|Any CPU
		{ED6CFF26-7985-4156-8E04-30D01BA33655}.Debug|Any CPU.Build.0 = Debug|Any CPU
		{ED6CFF26-7985-4156-8E04-30D01BA33655}.Debug|Mixed Platforms.ActiveCfg = Debug|Any CPU
		{ED6CFF26-7985-4156-8E04-30D01BA33655}.Debug|Mixed Platforms.Build.0 = Debug|Any CPU
		{ED6CFF26-7985-4156-8E04-30D01BA33655}.Debug|x86.ActiveCfg = Debug|Any CPU
		{ED6CFF26-7985-4156-8E04-30D01BA33655}.Debug|Xbox 360.ActiveCfg = Debug|Any CPU
		{ED6CFF26-7985-4156-8E04-30D01BA33655}.Release|Any CPU.ActiveCfg = Release|Any CPU
		{ED6CFF26-7985-4156-8E04-30D01BA33655}.Release|Any CPU.Build.0 = Release|Any CPU
		{ED6CFF26-7985-4156-8E04-30D01BA33655}.Release|Mixed Platforms.ActiveCfg = Release|Any CPU
		{ED6CFF26-7985-4156-8E04-30D01BA33655}.Release|Mixed Platforms.Build.0 = Release|Any CPU
		{ED6CFF26-7985-4156-8E04-30D01BA33655}.Release|x86.ActiveCfg = Release|Any CPU
		{ED6CFF26-7985-4156-8E04-30D01BA33655}.Release|Xbox 360.ActiveCfg = Release|Any CPU
	EndGlobalSection
	GlobalSection(SolutionProperties) = preSolution
		HideSolutionNode = FALSE
	EndGlobalSection
	GlobalSection(NestedProjects) = preSolution
		{891CDC3E-018F-410E-8CFC-4D7B99DD0A3D} = {04E023DD-FE31-440C-9996-31D5B34EC376}
		{A083D3E8-BE22-4760-8403-0B27FF5195D8} = {220B1D3D-D8AA-4D74-9CF2-9DFAC253CBDF}
		{EFE708FD-885A-40CD-A2DA-1D2C8B8CB954} = {220B1D3D-D8AA-4D74-9CF2-9DFAC253CBDF}
		{726180A4-EE3E-478D-A5F9-985F56393AA7} = {6CE97CA4-5EE5-4F24-8B92-8155245123BF}
		{767AFD72-02F7-4543-B193-A2E19645A4B9} = {6CE97CA4-5EE5-4F24-8B92-8155245123BF}
		{AA72D449-B468-4698-A28D-926E2225FC5A} = {6CE97CA4-5EE5-4F24-8B92-8155245123BF}
		{ED6CFF26-7985-4156-8E04-30D01BA33655} = {6CE97CA4-5EE5-4F24-8B92-8155245123BF}
	EndGlobalSection
EndGlobal
