
Microsoft Visual Studio Solution File, Format Version 10.00
# Visual Studio 2008
Project("{FAE04EC0-301F-11D3-BF4B-00C04F79EFBC}") = "Code2015", "Code2015\Code2015.csproj", "{9CCB378A-849F-4578-BAE9-DAA749B63FAD}"
	ProjectSection(ProjectDependencies) = postProject
		{C54304AB-EADB-4C22-B9B7-2A3850BCD5A7} = {C54304AB-EADB-4C22-B9B7-2A3850BCD5A7}
	EndProjectSection
EndProject
Project("{2150E333-8FDC-42A3-9474-1A3956D46DE8}") = "IdePlugin", "IdePlugin", "{04E023DD-FE31-440C-9996-31D5B34EC376}"
EndProject
Project("{FAE04EC0-301F-11D3-BF4B-00C04F79EFBC}") = "GameTest", "GameTest\GameTest.csproj", "{A083D3E8-BE22-4760-8403-0B27FF5195D8}"
EndProject
Project("{2150E333-8FDC-42A3-9474-1A3956D46DE8}") = "Test", "Test", "{220B1D3D-D8AA-4D74-9CF2-9DFAC253CBDF}"
EndProject
Project("{2150E333-8FDC-42A3-9474-1A3956D46DE8}") = "Tools", "Tools", "{1756553F-065A-406E-99C0-47D0FB8CB1E4}"
EndProject
Project("{FAE04EC0-301F-11D3-BF4B-00C04F79EFBC}") = "Plugin.Common", "IdePlugins\Plugin.Common\Plugin.Common.csproj", "{891CDC3E-018F-410E-8CFC-4D7B99DD0A3D}"
EndProject
Project("{2150E333-8FDC-42A3-9474-1A3956D46DE8}") = "Engine", "Engine", "{6CE97CA4-5EE5-4F24-8B92-8155245123BF}"
EndProject
Project("{FAE04EC0-301F-11D3-BF4B-00C04F79EFBC}") = "Apoc3D.Ide", "Code2015\Engine\Apoc3D.Ide\Apoc3D.Ide.csproj", "{AA72D449-B468-4698-A28D-926E2225FC5A}"
EndProject
Project("{FAE04EC0-301F-11D3-BF4B-00C04F79EFBC}") = "DataFixer", "Tools\DataFixer\DataFixer.csproj", "{EB7C4A83-0472-4379-A297-7988F492EB91}"
EndProject
Project("{FAE04EC0-301F-11D3-BF4B-00C04F79EFBC}") = "Tdmp2Png", "Tools\Tdmp2Png\Tdmp2Png.csproj", "{47E91228-AEA0-46E5-8BC5-B8A542B3ED1C}"
EndProject
Project("{FAE04EC0-301F-11D3-BF4B-00C04F79EFBC}") = "Plugin.ArchiveTools", "IdePlugins\Plugin.ArchiveTools\Plugin.ArchiveTools.csproj", "{7C12A271-DFC7-4245-8CFC-23E0D87C952D}"
EndProject
Project("{FAE04EC0-301F-11D3-BF4B-00C04F79EFBC}") = "Plugin.BitmapFontTools", "IdePlugins\Plugin.BitmapFontTools\Plugin.BitmapFontTools.csproj", "{F3B19A80-1849-45B2-B21D-A9A68E2E47D0}"
EndProject
Project("{FAE04EC0-301F-11D3-BF4B-00C04F79EFBC}") = "Plugin.CsfTools", "IdePlugins\Plugin.CsfTools\Plugin.CsfTools.csproj", "{40CA55CF-4A50-45CB-8166-06DE5F77316F}"
EndProject
Project("{FAE04EC0-301F-11D3-BF4B-00C04F79EFBC}") = "Plugin.GISTools", "IdePlugins\Plugin.GISTools\Plugin.GISTools.csproj", "{8F9419AA-EA51-4759-BADC-59D984FFA3B3}"
EndProject
Project("{FAE04EC0-301F-11D3-BF4B-00C04F79EFBC}") = "ModelStudio", "Tools\ModelStudio\ModelStudio.csproj", "{E8F10C35-9931-46FA-AC90-8AD6D3E0A533}"
EndProject
Project("{FAE04EC0-301F-11D3-BF4B-00C04F79EFBC}") = "TexViewer", "TexViewer\TexViewer.csproj", "{9ABF7BEF-95AA-49D9-9EA1-0340CC8FBDB1}"
EndProject
Project("{FAE04EC0-301F-11D3-BF4B-00C04F79EFBC}") = "Calculate", "Tools\Calculate\Calculate.csproj", "{34C51B59-2D62-49A5-958E-D8928EAAEBF5}"
EndProject
Project("{FAE04EC0-301F-11D3-BF4B-00C04F79EFBC}") = "Map", "Tools\Map\Map.csproj", "{A4C9086D-0E38-41A8-8F55-C5D54AEEF200}"
EndProject
Project("{FAE04EC0-301F-11D3-BF4B-00C04F79EFBC}") = "MapRepair", "Tools\MapRepair\MapRepair.csproj", "{1526390C-BB1E-4A37-97BA-804480877724}"
EndProject
Project("{FAE04EC0-301F-11D3-BF4B-00C04F79EFBC}") = "ParticleTest", "Tools\ParticleTest\ParticleTest.csproj", "{01EDAD52-3AD7-4514-A316-489A6C0498F8}"
EndProject
Project("{2150E333-8FDC-42A3-9474-1A3956D46DE8}") = "Solution Items", "Solution Items", "{4BD9BAE7-289A-4010-8228-A89DCB46D73C}"
	ProjectSection(SolutionItems) = preProject
		TODO.txt = TODO.txt
	EndProjectSection
EndProject
Project("{FAE04EC0-301F-11D3-BF4B-00C04F79EFBC}") = "EffectLibrary", "EffectLibrary\EffectLibrary.csproj", "{C54304AB-EADB-4C22-B9B7-2A3850BCD5A7}"
EndProject
Project("{FAE04EC0-301F-11D3-BF4B-00C04F79EFBC}") = "MapEdit", "Tools\MapEdit\MapEdit.csproj", "{68B78010-56AF-446A-9BB2-C39ADA08C350}"
EndProject
Global
	GlobalSection(SolutionConfigurationPlatforms) = preSolution
		Debug|Any CPU = Debug|Any CPU
		Debug|Mixed Platforms = Debug|Mixed Platforms
		Debug|x86 = Debug|x86
		Debug|Xbox 360 = Debug|Xbox 360
		Release|Any CPU = Release|Any CPU
		Release|Mixed Platforms = Release|Mixed Platforms
		Release|x86 = Release|x86
		Release|Xbox 360 = Release|Xbox 360
	EndGlobalSection
	GlobalSection(ProjectConfigurationPlatforms) = postSolution
		{9CCB378A-849F-4578-BAE9-DAA749B63FAD}.Debug|Any CPU.ActiveCfg = Debug|x86
		{9CCB378A-849F-4578-BAE9-DAA749B63FAD}.Debug|Mixed Platforms.ActiveCfg = Debug|x86
		{9CCB378A-849F-4578-BAE9-DAA749B63FAD}.Debug|Mixed Platforms.Build.0 = Debug|x86
		{9CCB378A-849F-4578-BAE9-DAA749B63FAD}.Debug|x86.ActiveCfg = Debug|x86
		{9CCB378A-849F-4578-BAE9-DAA749B63FAD}.Debug|x86.Build.0 = Debug|x86
		{9CCB378A-849F-4578-BAE9-DAA749B63FAD}.Debug|Xbox 360.ActiveCfg = Debug|x86
		{9CCB378A-849F-4578-BAE9-DAA749B63FAD}.Release|Any CPU.ActiveCfg = Release|x86
		{9CCB378A-849F-4578-BAE9-DAA749B63FAD}.Release|Mixed Platforms.ActiveCfg = Release|x86
		{9CCB378A-849F-4578-BAE9-DAA749B63FAD}.Release|Mixed Platforms.Build.0 = Release|x86
		{9CCB378A-849F-4578-BAE9-DAA749B63FAD}.Release|x86.ActiveCfg = Release|x86
		{9CCB378A-849F-4578-BAE9-DAA749B63FAD}.Release|x86.Build.0 = Release|x86
		{9CCB378A-849F-4578-BAE9-DAA749B63FAD}.Release|Xbox 360.ActiveCfg = Release|x86
		{A083D3E8-BE22-4760-8403-0B27FF5195D8}.Debug|Any CPU.ActiveCfg = Debug|Any CPU
		{A083D3E8-BE22-4760-8403-0B27FF5195D8}.Debug|Any CPU.Build.0 = Debug|Any CPU
		{A083D3E8-BE22-4760-8403-0B27FF5195D8}.Debug|Mixed Platforms.ActiveCfg = Debug|Any CPU
		{A083D3E8-BE22-4760-8403-0B27FF5195D8}.Debug|Mixed Platforms.Build.0 = Debug|Any CPU
		{A083D3E8-BE22-4760-8403-0B27FF5195D8}.Debug|x86.ActiveCfg = Debug|Any CPU
		{A083D3E8-BE22-4760-8403-0B27FF5195D8}.Debug|Xbox 360.ActiveCfg = Debug|Any CPU
		{A083D3E8-BE22-4760-8403-0B27FF5195D8}.Release|Any CPU.ActiveCfg = Release|Any CPU
		{A083D3E8-BE22-4760-8403-0B27FF5195D8}.Release|Any CPU.Build.0 = Release|Any CPU
		{A083D3E8-BE22-4760-8403-0B27FF5195D8}.Release|Mixed Platforms.ActiveCfg = Release|Any CPU
		{A083D3E8-BE22-4760-8403-0B27FF5195D8}.Release|Mixed Platforms.Build.0 = Release|Any CPU
		{A083D3E8-BE22-4760-8403-0B27FF5195D8}.Release|x86.ActiveCfg = Release|Any CPU
		{A083D3E8-BE22-4760-8403-0B27FF5195D8}.Release|Xbox 360.ActiveCfg = Release|Any CPU
		{891CDC3E-018F-410E-8CFC-4D7B99DD0A3D}.Debug|Any CPU.ActiveCfg = Debug|Any CPU
		{891CDC3E-018F-410E-8CFC-4D7B99DD0A3D}.Debug|Any CPU.Build.0 = Debug|Any CPU
		{891CDC3E-018F-410E-8CFC-4D7B99DD0A3D}.Debug|Mixed Platforms.ActiveCfg = Debug|Any CPU
		{891CDC3E-018F-410E-8CFC-4D7B99DD0A3D}.Debug|Mixed Platforms.Build.0 = Debug|Any CPU
		{891CDC3E-018F-410E-8CFC-4D7B99DD0A3D}.Debug|x86.ActiveCfg = Debug|Any CPU
		{891CDC3E-018F-410E-8CFC-4D7B99DD0A3D}.Debug|Xbox 360.ActiveCfg = Debug|Any CPU
		{891CDC3E-018F-410E-8CFC-4D7B99DD0A3D}.Release|Any CPU.ActiveCfg = Release|Any CPU
		{891CDC3E-018F-410E-8CFC-4D7B99DD0A3D}.Release|Any CPU.Build.0 = Release|Any CPU
		{891CDC3E-018F-410E-8CFC-4D7B99DD0A3D}.Release|Mixed Platforms.ActiveCfg = Release|Any CPU
		{891CDC3E-018F-410E-8CFC-4D7B99DD0A3D}.Release|Mixed Platforms.Build.0 = Release|Any CPU
		{891CDC3E-018F-410E-8CFC-4D7B99DD0A3D}.Release|x86.ActiveCfg = Release|Any CPU
		{891CDC3E-018F-410E-8CFC-4D7B99DD0A3D}.Release|Xbox 360.ActiveCfg = Release|Any CPU
		{AA72D449-B468-4698-A28D-926E2225FC5A}.Debug|Any CPU.ActiveCfg = Debug|Any CPU
		{AA72D449-B468-4698-A28D-926E2225FC5A}.Debug|Any CPU.Build.0 = Debug|Any CPU
		{AA72D449-B468-4698-A28D-926E2225FC5A}.Debug|Mixed Platforms.ActiveCfg = Debug|Any CPU
		{AA72D449-B468-4698-A28D-926E2225FC5A}.Debug|Mixed Platforms.Build.0 = Debug|Any CPU
		{AA72D449-B468-4698-A28D-926E2225FC5A}.Debug|x86.ActiveCfg = Debug|Any CPU
		{AA72D449-B468-4698-A28D-926E2225FC5A}.Debug|Xbox 360.ActiveCfg = Debug|Any CPU
		{AA72D449-B468-4698-A28D-926E2225FC5A}.Release|Any CPU.ActiveCfg = Release|Any CPU
		{AA72D449-B468-4698-A28D-926E2225FC5A}.Release|Any CPU.Build.0 = Release|Any CPU
		{AA72D449-B468-4698-A28D-926E2225FC5A}.Release|Mixed Platforms.ActiveCfg = Release|Any CPU
		{AA72D449-B468-4698-A28D-926E2225FC5A}.Release|Mixed Platforms.Build.0 = Release|Any CPU
		{AA72D449-B468-4698-A28D-926E2225FC5A}.Release|x86.ActiveCfg = Release|Any CPU
		{AA72D449-B468-4698-A28D-926E2225FC5A}.Release|Xbox 360.ActiveCfg = Release|Any CPU
		{EB7C4A83-0472-4379-A297-7988F492EB91}.Debug|Any CPU.ActiveCfg = Debug|Any CPU
		{EB7C4A83-0472-4379-A297-7988F492EB91}.Debug|Any CPU.Build.0 = Debug|Any CPU
		{EB7C4A83-0472-4379-A297-7988F492EB91}.Debug|Mixed Platforms.ActiveCfg = Debug|Any CPU
		{EB7C4A83-0472-4379-A297-7988F492EB91}.Debug|Mixed Platforms.Build.0 = Debug|Any CPU
		{EB7C4A83-0472-4379-A297-7988F492EB91}.Debug|x86.ActiveCfg = Debug|Any CPU
		{EB7C4A83-0472-4379-A297-7988F492EB91}.Debug|Xbox 360.ActiveCfg = Debug|Any CPU
		{EB7C4A83-0472-4379-A297-7988F492EB91}.Release|Any CPU.ActiveCfg = Release|Any CPU
		{EB7C4A83-0472-4379-A297-7988F492EB91}.Release|Any CPU.Build.0 = Release|Any CPU
		{EB7C4A83-0472-4379-A297-7988F492EB91}.Release|Mixed Platforms.ActiveCfg = Release|Any CPU
		{EB7C4A83-0472-4379-A297-7988F492EB91}.Release|Mixed Platforms.Build.0 = Release|Any CPU
		{EB7C4A83-0472-4379-A297-7988F492EB91}.Release|x86.ActiveCfg = Release|Any CPU
		{EB7C4A83-0472-4379-A297-7988F492EB91}.Release|Xbox 360.ActiveCfg = Release|Any CPU
		{47E91228-AEA0-46E5-8BC5-B8A542B3ED1C}.Debug|Any CPU.ActiveCfg = Debug|Any CPU
		{47E91228-AEA0-46E5-8BC5-B8A542B3ED1C}.Debug|Any CPU.Build.0 = Debug|Any CPU
		{47E91228-AEA0-46E5-8BC5-B8A542B3ED1C}.Debug|Mixed Platforms.ActiveCfg = Debug|Any CPU
		{47E91228-AEA0-46E5-8BC5-B8A542B3ED1C}.Debug|Mixed Platforms.Build.0 = Debug|Any CPU
		{47E91228-AEA0-46E5-8BC5-B8A542B3ED1C}.Debug|x86.ActiveCfg = Debug|Any CPU
		{47E91228-AEA0-46E5-8BC5-B8A542B3ED1C}.Debug|Xbox 360.ActiveCfg = Debug|Any CPU
		{47E91228-AEA0-46E5-8BC5-B8A542B3ED1C}.Release|Any CPU.ActiveCfg = Release|Any CPU
		{47E91228-AEA0-46E5-8BC5-B8A542B3ED1C}.Release|Any CPU.Build.0 = Release|Any CPU
		{47E91228-AEA0-46E5-8BC5-B8A542B3ED1C}.Release|Mixed Platforms.ActiveCfg = Release|Any CPU
		{47E91228-AEA0-46E5-8BC5-B8A542B3ED1C}.Release|Mixed Platforms.Build.0 = Release|Any CPU
		{47E91228-AEA0-46E5-8BC5-B8A542B3ED1C}.Release|x86.ActiveCfg = Release|Any CPU
		{47E91228-AEA0-46E5-8BC5-B8A542B3ED1C}.Release|Xbox 360.ActiveCfg = Release|Any CPU
		{7C12A271-DFC7-4245-8CFC-23E0D87C952D}.Debug|Any CPU.ActiveCfg = Debug|Any CPU
		{7C12A271-DFC7-4245-8CFC-23E0D87C952D}.Debug|Any CPU.Build.0 = Debug|Any CPU
		{7C12A271-DFC7-4245-8CFC-23E0D87C952D}.Debug|Mixed Platforms.ActiveCfg = Debug|Any CPU
		{7C12A271-DFC7-4245-8CFC-23E0D87C952D}.Debug|Mixed Platforms.Build.0 = Debug|Any CPU
		{7C12A271-DFC7-4245-8CFC-23E0D87C952D}.Debug|x86.ActiveCfg = Debug|Any CPU
		{7C12A271-DFC7-4245-8CFC-23E0D87C952D}.Debug|Xbox 360.ActiveCfg = Debug|Any CPU
		{7C12A271-DFC7-4245-8CFC-23E0D87C952D}.Release|Any CPU.ActiveCfg = Release|Any CPU
		{7C12A271-DFC7-4245-8CFC-23E0D87C952D}.Release|Any CPU.Build.0 = Release|Any CPU
		{7C12A271-DFC7-4245-8CFC-23E0D87C952D}.Release|Mixed Platforms.ActiveCfg = Release|Any CPU
		{7C12A271-DFC7-4245-8CFC-23E0D87C952D}.Release|Mixed Platforms.Build.0 = Release|Any CPU
		{7C12A271-DFC7-4245-8CFC-23E0D87C952D}.Release|x86.ActiveCfg = Release|Any CPU
		{7C12A271-DFC7-4245-8CFC-23E0D87C952D}.Release|Xbox 360.ActiveCfg = Release|Any CPU
		{F3B19A80-1849-45B2-B21D-A9A68E2E47D0}.Debug|Any CPU.ActiveCfg = Debug|Any CPU
		{F3B19A80-1849-45B2-B21D-A9A68E2E47D0}.Debug|Any CPU.Build.0 = Debug|Any CPU
		{F3B19A80-1849-45B2-B21D-A9A68E2E47D0}.Debug|Mixed Platforms.ActiveCfg = Debug|Any CPU
		{F3B19A80-1849-45B2-B21D-A9A68E2E47D0}.Debug|Mixed Platforms.Build.0 = Debug|Any CPU
		{F3B19A80-1849-45B2-B21D-A9A68E2E47D0}.Debug|x86.ActiveCfg = Debug|Any CPU
		{F3B19A80-1849-45B2-B21D-A9A68E2E47D0}.Debug|Xbox 360.ActiveCfg = Debug|Any CPU
		{F3B19A80-1849-45B2-B21D-A9A68E2E47D0}.Release|Any CPU.ActiveCfg = Release|Any CPU
		{F3B19A80-1849-45B2-B21D-A9A68E2E47D0}.Release|Any CPU.Build.0 = Release|Any CPU
		{F3B19A80-1849-45B2-B21D-A9A68E2E47D0}.Release|Mixed Platforms.ActiveCfg = Release|Any CPU
		{F3B19A80-1849-45B2-B21D-A9A68E2E47D0}.Release|Mixed Platforms.Build.0 = Release|Any CPU
		{F3B19A80-1849-45B2-B21D-A9A68E2E47D0}.Release|x86.ActiveCfg = Release|Any CPU
		{F3B19A80-1849-45B2-B21D-A9A68E2E47D0}.Release|Xbox 360.ActiveCfg = Release|Any CPU
		{40CA55CF-4A50-45CB-8166-06DE5F77316F}.Debug|Any CPU.ActiveCfg = Debug|Any CPU
		{40CA55CF-4A50-45CB-8166-06DE5F77316F}.Debug|Any CPU.Build.0 = Debug|Any CPU
		{40CA55CF-4A50-45CB-8166-06DE5F77316F}.Debug|Mixed Platforms.ActiveCfg = Debug|Any CPU
		{40CA55CF-4A50-45CB-8166-06DE5F77316F}.Debug|Mixed Platforms.Build.0 = Debug|Any CPU
		{40CA55CF-4A50-45CB-8166-06DE5F77316F}.Debug|x86.ActiveCfg = Debug|Any CPU
		{40CA55CF-4A50-45CB-8166-06DE5F77316F}.Debug|Xbox 360.ActiveCfg = Debug|Any CPU
		{40CA55CF-4A50-45CB-8166-06DE5F77316F}.Release|Any CPU.ActiveCfg = Release|Any CPU
		{40CA55CF-4A50-45CB-8166-06DE5F77316F}.Release|Any CPU.Build.0 = Release|Any CPU
		{40CA55CF-4A50-45CB-8166-06DE5F77316F}.Release|Mixed Platforms.ActiveCfg = Release|Any CPU
		{40CA55CF-4A50-45CB-8166-06DE5F77316F}.Release|Mixed Platforms.Build.0 = Release|Any CPU
		{40CA55CF-4A50-45CB-8166-06DE5F77316F}.Release|x86.ActiveCfg = Release|Any CPU
		{40CA55CF-4A50-45CB-8166-06DE5F77316F}.Release|Xbox 360.ActiveCfg = Release|Any CPU
		{8F9419AA-EA51-4759-BADC-59D984FFA3B3}.Debug|Any CPU.ActiveCfg = Debug|Any CPU
		{8F9419AA-EA51-4759-BADC-59D984FFA3B3}.Debug|Any CPU.Build.0 = Debug|Any CPU
		{8F9419AA-EA51-4759-BADC-59D984FFA3B3}.Debug|Mixed Platforms.ActiveCfg = Debug|Any CPU
		{8F9419AA-EA51-4759-BADC-59D984FFA3B3}.Debug|Mixed Platforms.Build.0 = Debug|Any CPU
		{8F9419AA-EA51-4759-BADC-59D984FFA3B3}.Debug|x86.ActiveCfg = Debug|Any CPU
		{8F9419AA-EA51-4759-BADC-59D984FFA3B3}.Debug|Xbox 360.ActiveCfg = Debug|Any CPU
		{8F9419AA-EA51-4759-BADC-59D984FFA3B3}.Release|Any CPU.ActiveCfg = Release|Any CPU
		{8F9419AA-EA51-4759-BADC-59D984FFA3B3}.Release|Any CPU.Build.0 = Release|Any CPU
		{8F9419AA-EA51-4759-BADC-59D984FFA3B3}.Release|Mixed Platforms.ActiveCfg = Release|Any CPU
		{8F9419AA-EA51-4759-BADC-59D984FFA3B3}.Release|Mixed Platforms.Build.0 = Release|Any CPU
		{8F9419AA-EA51-4759-BADC-59D984FFA3B3}.Release|x86.ActiveCfg = Release|Any CPU
		{8F9419AA-EA51-4759-BADC-59D984FFA3B3}.Release|Xbox 360.ActiveCfg = Release|Any CPU
		{E8F10C35-9931-46FA-AC90-8AD6D3E0A533}.Debug|Any CPU.ActiveCfg = Debug|x86
		{E8F10C35-9931-46FA-AC90-8AD6D3E0A533}.Debug|Mixed Platforms.ActiveCfg = Debug|x86
		{E8F10C35-9931-46FA-AC90-8AD6D3E0A533}.Debug|Mixed Platforms.Build.0 = Debug|x86
		{E8F10C35-9931-46FA-AC90-8AD6D3E0A533}.Debug|x86.ActiveCfg = Debug|x86
		{E8F10C35-9931-46FA-AC90-8AD6D3E0A533}.Debug|x86.Build.0 = Debug|x86
		{E8F10C35-9931-46FA-AC90-8AD6D3E0A533}.Debug|Xbox 360.ActiveCfg = Debug|x86
		{E8F10C35-9931-46FA-AC90-8AD6D3E0A533}.Release|Any CPU.ActiveCfg = Release|x86
		{E8F10C35-9931-46FA-AC90-8AD6D3E0A533}.Release|Mixed Platforms.ActiveCfg = Release|x86
		{E8F10C35-9931-46FA-AC90-8AD6D3E0A533}.Release|Mixed Platforms.Build.0 = Release|x86
		{E8F10C35-9931-46FA-AC90-8AD6D3E0A533}.Release|x86.ActiveCfg = Release|x86
		{E8F10C35-9931-46FA-AC90-8AD6D3E0A533}.Release|x86.Build.0 = Release|x86
		{E8F10C35-9931-46FA-AC90-8AD6D3E0A533}.Release|Xbox 360.ActiveCfg = Release|x86
		{9ABF7BEF-95AA-49D9-9EA1-0340CC8FBDB1}.Debug|Any CPU.ActiveCfg = Debug|x86
		{9ABF7BEF-95AA-49D9-9EA1-0340CC8FBDB1}.Debug|Mixed Platforms.ActiveCfg = Debug|x86
		{9ABF7BEF-95AA-49D9-9EA1-0340CC8FBDB1}.Debug|Mixed Platforms.Build.0 = Debug|x86
		{9ABF7BEF-95AA-49D9-9EA1-0340CC8FBDB1}.Debug|x86.ActiveCfg = Debug|x86
		{9ABF7BEF-95AA-49D9-9EA1-0340CC8FBDB1}.Debug|x86.Build.0 = Debug|x86
		{9ABF7BEF-95AA-49D9-9EA1-0340CC8FBDB1}.Debug|Xbox 360.ActiveCfg = Debug|x86
		{9ABF7BEF-95AA-49D9-9EA1-0340CC8FBDB1}.Release|Any CPU.ActiveCfg = Release|x86
		{9ABF7BEF-95AA-49D9-9EA1-0340CC8FBDB1}.Release|Mixed Platforms.ActiveCfg = Release|x86
		{9ABF7BEF-95AA-49D9-9EA1-0340CC8FBDB1}.Release|Mixed Platforms.Build.0 = Release|x86
		{9ABF7BEF-95AA-49D9-9EA1-0340CC8FBDB1}.Release|x86.ActiveCfg = Release|x86
		{9ABF7BEF-95AA-49D9-9EA1-0340CC8FBDB1}.Release|x86.Build.0 = Release|x86
		{9ABF7BEF-95AA-49D9-9EA1-0340CC8FBDB1}.Release|Xbox 360.ActiveCfg = Release|x86
		{34C51B59-2D62-49A5-958E-D8928EAAEBF5}.Debug|Any CPU.ActiveCfg = Debug|Any CPU
		{34C51B59-2D62-49A5-958E-D8928EAAEBF5}.Debug|Any CPU.Build.0 = Debug|Any CPU
		{34C51B59-2D62-49A5-958E-D8928EAAEBF5}.Debug|Mixed Platforms.ActiveCfg = Debug|Any CPU
		{34C51B59-2D62-49A5-958E-D8928EAAEBF5}.Debug|Mixed Platforms.Build.0 = Debug|Any CPU
		{34C51B59-2D62-49A5-958E-D8928EAAEBF5}.Debug|x86.ActiveCfg = Debug|Any CPU
		{34C51B59-2D62-49A5-958E-D8928EAAEBF5}.Debug|Xbox 360.ActiveCfg = Debug|Any CPU
		{34C51B59-2D62-49A5-958E-D8928EAAEBF5}.Release|Any CPU.ActiveCfg = Release|Any CPU
		{34C51B59-2D62-49A5-958E-D8928EAAEBF5}.Release|Any CPU.Build.0 = Release|Any CPU
		{34C51B59-2D62-49A5-958E-D8928EAAEBF5}.Release|Mixed Platforms.ActiveCfg = Release|Any CPU
		{34C51B59-2D62-49A5-958E-D8928EAAEBF5}.Release|Mixed Platforms.Build.0 = Release|Any CPU
		{34C51B59-2D62-49A5-958E-D8928EAAEBF5}.Release|x86.ActiveCfg = Release|Any CPU
		{34C51B59-2D62-49A5-958E-D8928EAAEBF5}.Release|Xbox 360.ActiveCfg = Release|Any CPU
		{A4C9086D-0E38-41A8-8F55-C5D54AEEF200}.Debug|Any CPU.ActiveCfg = Debug|Any CPU
		{A4C9086D-0E38-41A8-8F55-C5D54AEEF200}.Debug|Any CPU.Build.0 = Debug|Any CPU
		{A4C9086D-0E38-41A8-8F55-C5D54AEEF200}.Debug|Mixed Platforms.ActiveCfg = Debug|Any CPU
		{A4C9086D-0E38-41A8-8F55-C5D54AEEF200}.Debug|Mixed Platforms.Build.0 = Debug|Any CPU
		{A4C9086D-0E38-41A8-8F55-C5D54AEEF200}.Debug|x86.ActiveCfg = Debug|Any CPU
		{A4C9086D-0E38-41A8-8F55-C5D54AEEF200}.Debug|Xbox 360.ActiveCfg = Debug|Any CPU
		{A4C9086D-0E38-41A8-8F55-C5D54AEEF200}.Release|Any CPU.ActiveCfg = Release|Any CPU
		{A4C9086D-0E38-41A8-8F55-C5D54AEEF200}.Release|Any CPU.Build.0 = Release|Any CPU
		{A4C9086D-0E38-41A8-8F55-C5D54AEEF200}.Release|Mixed Platforms.ActiveCfg = Release|Any CPU
		{A4C9086D-0E38-41A8-8F55-C5D54AEEF200}.Release|Mixed Platforms.Build.0 = Release|Any CPU
		{A4C9086D-0E38-41A8-8F55-C5D54AEEF200}.Release|x86.ActiveCfg = Release|Any CPU
		{A4C9086D-0E38-41A8-8F55-C5D54AEEF200}.Release|Xbox 360.ActiveCfg = Release|Any CPU
		{1526390C-BB1E-4A37-97BA-804480877724}.Debug|Any CPU.ActiveCfg = Debug|Any CPU
		{1526390C-BB1E-4A37-97BA-804480877724}.Debug|Any CPU.Build.0 = Debug|Any CPU
		{1526390C-BB1E-4A37-97BA-804480877724}.Debug|Mixed Platforms.ActiveCfg = Debug|Any CPU
		{1526390C-BB1E-4A37-97BA-804480877724}.Debug|Mixed Platforms.Build.0 = Debug|Any CPU
		{1526390C-BB1E-4A37-97BA-804480877724}.Debug|x86.ActiveCfg = Debug|Any CPU
		{1526390C-BB1E-4A37-97BA-804480877724}.Debug|Xbox 360.ActiveCfg = Debug|Any CPU
		{1526390C-BB1E-4A37-97BA-804480877724}.Release|Any CPU.ActiveCfg = Release|Any CPU
		{1526390C-BB1E-4A37-97BA-804480877724}.Release|Any CPU.Build.0 = Release|Any CPU
		{1526390C-BB1E-4A37-97BA-804480877724}.Release|Mixed Platforms.ActiveCfg = Release|Any CPU
		{1526390C-BB1E-4A37-97BA-804480877724}.Release|Mixed Platforms.Build.0 = Release|Any CPU
		{1526390C-BB1E-4A37-97BA-804480877724}.Release|x86.ActiveCfg = Release|Any CPU
		{1526390C-BB1E-4A37-97BA-804480877724}.Release|Xbox 360.ActiveCfg = Release|Any CPU
		{01EDAD52-3AD7-4514-A316-489A6C0498F8}.Debug|Any CPU.ActiveCfg = Debug|x86
		{01EDAD52-3AD7-4514-A316-489A6C0498F8}.Debug|Mixed Platforms.ActiveCfg = Debug|x86
		{01EDAD52-3AD7-4514-A316-489A6C0498F8}.Debug|Mixed Platforms.Build.0 = Debug|x86
		{01EDAD52-3AD7-4514-A316-489A6C0498F8}.Debug|x86.ActiveCfg = Debug|x86
		{01EDAD52-3AD7-4514-A316-489A6C0498F8}.Debug|x86.Build.0 = Debug|x86
		{01EDAD52-3AD7-4514-A316-489A6C0498F8}.Debug|Xbox 360.ActiveCfg = Debug|x86
		{01EDAD52-3AD7-4514-A316-489A6C0498F8}.Release|Any CPU.ActiveCfg = Release|x86
		{01EDAD52-3AD7-4514-A316-489A6C0498F8}.Release|Mixed Platforms.ActiveCfg = Release|x86
		{01EDAD52-3AD7-4514-A316-489A6C0498F8}.Release|Mixed Platforms.Build.0 = Release|x86
		{01EDAD52-3AD7-4514-A316-489A6C0498F8}.Release|x86.ActiveCfg = Release|x86
		{01EDAD52-3AD7-4514-A316-489A6C0498F8}.Release|x86.Build.0 = Release|x86
		{01EDAD52-3AD7-4514-A316-489A6C0498F8}.Release|Xbox 360.ActiveCfg = Release|x86
		{C54304AB-EADB-4C22-B9B7-2A3850BCD5A7}.Debug|Any CPU.ActiveCfg = Debug|x86
		{C54304AB-EADB-4C22-B9B7-2A3850BCD5A7}.Debug|Mixed Platforms.ActiveCfg = Debug|x86
		{C54304AB-EADB-4C22-B9B7-2A3850BCD5A7}.Debug|Mixed Platforms.Build.0 = Debug|x86
		{C54304AB-EADB-4C22-B9B7-2A3850BCD5A7}.Debug|x86.ActiveCfg = Debug|x86
		{C54304AB-EADB-4C22-B9B7-2A3850BCD5A7}.Debug|x86.Build.0 = Debug|x86
		{C54304AB-EADB-4C22-B9B7-2A3850BCD5A7}.Debug|Xbox 360.ActiveCfg = Debug|x86
		{C54304AB-EADB-4C22-B9B7-2A3850BCD5A7}.Release|Any CPU.ActiveCfg = Release|x86
		{C54304AB-EADB-4C22-B9B7-2A3850BCD5A7}.Release|Mixed Platforms.ActiveCfg = Release|x86
		{C54304AB-EADB-4C22-B9B7-2A3850BCD5A7}.Release|Mixed Platforms.Build.0 = Release|x86
		{C54304AB-EADB-4C22-B9B7-2A3850BCD5A7}.Release|x86.ActiveCfg = Release|x86
		{C54304AB-EADB-4C22-B9B7-2A3850BCD5A7}.Release|x86.Build.0 = Release|x86
		{C54304AB-EADB-4C22-B9B7-2A3850BCD5A7}.Release|Xbox 360.ActiveCfg = Release|x86
		{80EF2075-1A8E-4D44-BD76-8BAE1EA27F61}.Debug|Any CPU.ActiveCfg = Debug|x86
		{80EF2075-1A8E-4D44-BD76-8BAE1EA27F61}.Debug|Mixed Platforms.ActiveCfg = Debug|x86
		{80EF2075-1A8E-4D44-BD76-8BAE1EA27F61}.Debug|x86.ActiveCfg = Debug|x86
		{80EF2075-1A8E-4D44-BD76-8BAE1EA27F61}.Debug|Xbox 360.ActiveCfg = Debug|x86
		{80EF2075-1A8E-4D44-BD76-8BAE1EA27F61}.Release|Any CPU.ActiveCfg = Release|x86
		{80EF2075-1A8E-4D44-BD76-8BAE1EA27F61}.Release|Mixed Platforms.ActiveCfg = Release|x86
		{80EF2075-1A8E-4D44-BD76-8BAE1EA27F61}.Release|x86.ActiveCfg = Release|x86
		{80EF2075-1A8E-4D44-BD76-8BAE1EA27F61}.Release|Xbox 360.ActiveCfg = Release|x86
		{68B78010-56AF-446A-9BB2-C39ADA08C350}.Debug|Any CPU.ActiveCfg = Debug|x86
		{68B78010-56AF-446A-9BB2-C39ADA08C350}.Debug|Mixed Platforms.ActiveCfg = Debug|x86
		{68B78010-56AF-446A-9BB2-C39ADA08C350}.Debug|Mixed Platforms.Build.0 = Debug|x86
		{68B78010-56AF-446A-9BB2-C39ADA08C350}.Debug|x86.ActiveCfg = Debug|x86
		{68B78010-56AF-446A-9BB2-C39ADA08C350}.Debug|x86.Build.0 = Debug|x86
		{68B78010-56AF-446A-9BB2-C39ADA08C350}.Debug|Xbox 360.ActiveCfg = Debug|x86
		{68B78010-56AF-446A-9BB2-C39ADA08C350}.Release|Any CPU.ActiveCfg = Release|x86
		{68B78010-56AF-446A-9BB2-C39ADA08C350}.Release|Mixed Platforms.ActiveCfg = Release|x86
		{68B78010-56AF-446A-9BB2-C39ADA08C350}.Release|Mixed Platforms.Build.0 = Release|x86
		{68B78010-56AF-446A-9BB2-C39ADA08C350}.Release|x86.ActiveCfg = Release|x86
		{68B78010-56AF-446A-9BB2-C39ADA08C350}.Release|x86.Build.0 = Release|x86
		{68B78010-56AF-446A-9BB2-C39ADA08C350}.Release|Xbox 360.ActiveCfg = Release|x86
	EndGlobalSection
	GlobalSection(SolutionProperties) = preSolution
		HideSolutionNode = FALSE
	EndGlobalSection
	GlobalSection(NestedProjects) = preSolution
		{891CDC3E-018F-410E-8CFC-4D7B99DD0A3D} = {04E023DD-FE31-440C-9996-31D5B34EC376}
		{7C12A271-DFC7-4245-8CFC-23E0D87C952D} = {04E023DD-FE31-440C-9996-31D5B34EC376}
		{F3B19A80-1849-45B2-B21D-A9A68E2E47D0} = {04E023DD-FE31-440C-9996-31D5B34EC376}
		{40CA55CF-4A50-45CB-8166-06DE5F77316F} = {04E023DD-FE31-440C-9996-31D5B34EC376}
		{8F9419AA-EA51-4759-BADC-59D984FFA3B3} = {04E023DD-FE31-440C-9996-31D5B34EC376}
		{A083D3E8-BE22-4760-8403-0B27FF5195D8} = {220B1D3D-D8AA-4D74-9CF2-9DFAC253CBDF}
		{01EDAD52-3AD7-4514-A316-489A6C0498F8} = {220B1D3D-D8AA-4D74-9CF2-9DFAC253CBDF}
		{EB7C4A83-0472-4379-A297-7988F492EB91} = {1756553F-065A-406E-99C0-47D0FB8CB1E4}
		{47E91228-AEA0-46E5-8BC5-B8A542B3ED1C} = {1756553F-065A-406E-99C0-47D0FB8CB1E4}
		{E8F10C35-9931-46FA-AC90-8AD6D3E0A533} = {1756553F-065A-406E-99C0-47D0FB8CB1E4}
		{9ABF7BEF-95AA-49D9-9EA1-0340CC8FBDB1} = {1756553F-065A-406E-99C0-47D0FB8CB1E4}
		{34C51B59-2D62-49A5-958E-D8928EAAEBF5} = {1756553F-065A-406E-99C0-47D0FB8CB1E4}
		{A4C9086D-0E38-41A8-8F55-C5D54AEEF200} = {1756553F-065A-406E-99C0-47D0FB8CB1E4}
		{1526390C-BB1E-4A37-97BA-804480877724} = {1756553F-065A-406E-99C0-47D0FB8CB1E4}
		{68B78010-56AF-446A-9BB2-C39ADA08C350} = {1756553F-065A-406E-99C0-47D0FB8CB1E4}
		{AA72D449-B468-4698-A28D-926E2225FC5A} = {6CE97CA4-5EE5-4F24-8B92-8155245123BF}
	EndGlobalSection
EndGlobal
